// !$*UTF8*$!
{
	archiveVersion = 1;
	classes = {
	};
	objectVersion = 50;
	objects = {

/* Begin PBXBuildFile section */
		119D6CAE2487EA5F00D0B139 /* AppDelegate.swift in Sources */ = {isa = PBXBuildFile; fileRef = 119D6CAD2487EA5F00D0B139 /* AppDelegate.swift */; };
		119D6CB02487EA5F00D0B139 /* SceneDelegate.swift in Sources */ = {isa = PBXBuildFile; fileRef = 119D6CAF2487EA5F00D0B139 /* SceneDelegate.swift */; };
		119D6CB22487EA5F00D0B139 /* ViewController.swift in Sources */ = {isa = PBXBuildFile; fileRef = 119D6CB12487EA5F00D0B139 /* ViewController.swift */; };
		119D6CB52487EA5F00D0B139 /* Main.storyboard in Resources */ = {isa = PBXBuildFile; fileRef = 119D6CB32487EA5F00D0B139 /* Main.storyboard */; };
		119D6CB72487EA6100D0B139 /* Assets.xcassets in Resources */ = {isa = PBXBuildFile; fileRef = 119D6CB62487EA6100D0B139 /* Assets.xcassets */; };
		119D6CBA2487EA6100D0B139 /* LaunchScreen.storyboard in Resources */ = {isa = PBXBuildFile; fileRef = 119D6CB82487EA6100D0B139 /* LaunchScreen.storyboard */; };
/* End PBXBuildFile section */

/* Begin PBXFileReference section */
		119D6CAA2487EA5F00D0B139 /* ExerciseInSequence.app */ = {isa = PBXFileReference; explicitFileType = wrapper.application; includeInIndex = 0; path = ExerciseInSequence.app; sourceTree = BUILT_PRODUCTS_DIR; };
		119D6CAD2487EA5F00D0B139 /* AppDelegate.swift */ = {isa = PBXFileReference; lastKnownFileType = sourcecode.swift; path = AppDelegate.swift; sourceTree = "<group>"; };
		119D6CAF2487EA5F00D0B139 /* SceneDelegate.swift */ = {isa = PBXFileReference; lastKnownFileType = sourcecode.swift; path = SceneDelegate.swift; sourceTree = "<group>"; };
		119D6CB12487EA5F00D0B139 /* ViewController.swift */ = {isa = PBXFileReference; lastKnownFileType = sourcecode.swift; path = ViewController.swift; sourceTree = "<group>"; };
		119D6CB42487EA5F00D0B139 /* Base */ = {isa = PBXFileReference; lastKnownFileType = file.storyboard; name = Base; path = Base.lproj/Main.storyboard; sourceTree = "<group>"; };
		119D6CB62487EA6100D0B139 /* Assets.xcassets */ = {isa = PBXFileReference; lastKnownFileType = folder.assetcatalog; path = Assets.xcassets; sourceTree = "<group>"; };
		119D6CB92487EA6100D0B139 /* Base */ = {isa = PBXFileReference; lastKnownFileType = file.storyboard; name = Base; path = Base.lproj/LaunchScreen.storyboard; sourceTree = "<group>"; };
		119D6CBB2487EA6100D0B139 /* Info.plist */ = {isa = PBXFileReference; lastKnownFileType = text.plist.xml; path = Info.plist; sourceTree = "<group>"; };
/* End PBXFileReference section */

/* Begin PBXFrameworksBuildPhase section */
		119D6CA72487EA5F00D0B139 /* Frameworks */ = {
			isa = PBXFrameworksBuildPhase;
			buildActionMask = 2147483647;
			files = (
			);
			runOnlyForDeploymentPostprocessing = 0;
		};
/* End PBXFrameworksBuildPhase section */

/* Begin PBXGroup section */
		119D6CA12487EA5F00D0B139 = {
			isa = PBXGroup;
			children = (
				119D6CAC2487EA5F00D0B139 /* ExerciseInSequence */,
				119D6CAB2487EA5F00D0B139 /* Products */,
			);
			sourceTree = "<group>";
		};
		119D6CAB2487EA5F00D0B139 /* Products */ = {
			isa = PBXGroup;
			children = (
				119D6CAA2487EA5F00D0B139 /* ExerciseInSequence.app */,
			);
			name = Products;
			sourceTree = "<group>";
		};
		119D6CAC2487EA5F00D0B139 /* ExerciseInSequence */ = {
			isa = PBXGroup;
			children = (
				119D6CAD2487EA5F00D0B139 /* AppDelegate.swift */,
				119D6CAF2487EA5F00D0B139 /* SceneDelegate.swift */,
				119D6CB12487EA5F00D0B139 /* ViewController.swift */,
				119D6CB32487EA5F00D0B139 /* Main.storyboard */,
				119D6CB62487EA6100D0B139 /* Assets.xcassets */,
				119D6CB82487EA6100D0B139 /* LaunchScreen.storyboard */,
				119D6CBB2487EA6100D0B139 /* Info.plist */,
			);
			path = ExerciseInSequence;
			sourceTree = "<group>";
		};
/* End PBXGroup section */

/* Begin PBXNativeTarget section */
		119D6CA92487EA5F00D0B139 /* ExerciseInSequence */ = {
			isa = PBXNativeTarget;
			buildConfigurationList = 119D6CBE2487EA6100D0B139 /* Build configuration list for PBXNativeTarget "ExerciseInSequence" */;
			buildPhases = (
				119D6CA62487EA5F00D0B139 /* Sources */,
				119D6CA72487EA5F00D0B139 /* Frameworks */,
				119D6CA82487EA5F00D0B139 /* Resources */,
			);
			buildRules = (
			);
			dependencies = (
			);
			name = ExerciseInSequence;
			productName = ExerciseInSequence;
			productReference = 119D6CAA2487EA5F00D0B139 /* ExerciseInSequence.app */;
			productType = "com.apple.product-type.application";
		};
/* End PBXNativeTarget section */

/* Begin PBXProject section */
		119D6CA22487EA5F00D0B139 /* Project object */ = {
			isa = PBXProject;
			attributes = {
				LastSwiftUpdateCheck = 1150;
				LastUpgradeCheck = 1150;
				ORGANIZATIONNAME = "박현진";
				TargetAttributes = {
					119D6CA92487EA5F00D0B139 = {
						CreatedOnToolsVersion = 11.5;
					};
				};
			};
			buildConfigurationList = 119D6CA52487EA5F00D0B139 /* Build configuration list for PBXProject "ExerciseInSequence" */;
			compatibilityVersion = "Xcode 9.3";
			developmentRegion = en;
			hasScannedForEncodings = 0;
			knownRegions = (
				en,
				Base,
			);
			mainGroup = 119D6CA12487EA5F00D0B139;
			productRefGroup = 119D6CAB2487EA5F00D0B139 /* Products */;
			projectDirPath = "";
			projectRoot = "";
			targets = (
				119D6CA92487EA5F00D0B139 /* ExerciseInSequence */,
			);
		};
/* End PBXProject section */

/* Begin PBXResourcesBuildPhase section */
		119D6CA82487EA5F00D0B139 /* Resources */ = {
			isa = PBXResourcesBuildPhase;
			buildActionMask = 2147483647;
			files = (
				119D6CBA2487EA6100D0B139 /* LaunchScreen.storyboard in Resources */,
				119D6CB72487EA6100D0B139 /* Assets.xcassets in Resources */,
				119D6CB52487EA5F00D0B139 /* Main.storyboard in Resources */,
			);
			runOnlyForDeploymentPostprocessing = 0;
		};
/* End PBXResourcesBuildPhase section */

/* Begin PBXSourcesBuildPhase section */
		119D6CA62487EA5F00D0B139 /* Sources */ = {
			isa = PBXSourcesBuildPhase;
			buildActionMask = 2147483647;
			files = (
				119D6CB22487EA5F00D0B139 /* ViewController.swift in Sources */,
				119D6CAE2487EA5F00D0B139 /* AppDelegate.swift in Sources */,
				119D6CB02487EA5F00D0B139 /* SceneDelegate.swift in Sources */,
			);
			runOnlyForDeploymentPostprocessing = 0;
		};
/* End PBXSourcesBuildPhase section */

/* Begin PBXVariantGroup section */
		119D6CB32487EA5F00D0B139 /* Main.storyboard */ = {
			isa = PBXVariantGroup;
			children = (
				119D6CB42487EA5F00D0B139 /* Base */,
			);
			name = Main.storyboard;
			sourceTree = "<group>";
		};
		119D6CB82487EA6100D0B139 /* LaunchScreen.storyboard */ = {
			isa = PBXVariantGroup;
			children = (
				119D6CB92487EA6100D0B139 /* Base */,
			);
			name = LaunchScreen.storyboard;
			sourceTree = "<group>";
		};
/* End PBXVariantGroup section */

/* Begin XCBuildConfiguration section */
		119D6CBC2487EA6100D0B139 /* Debug */ = {
			isa = XCBuildConfiguration;
			buildSettings = {
				ALWAYS_SEARCH_USER_PATHS = NO;
				CLANG_ANALYZER_NONNULL = YES;
				CLANG_ANALYZER_NUMBER_OBJECT_CONVERSION = YES_AGGRESSIVE;
				CLANG_CXX_LANGUAGE_STANDARD = "gnu++14";
				CLANG_CXX_LIBRARY = "libc++";
				CLANG_ENABLE_MODULES = YES;
				CLANG_ENABLE_OBJC_ARC = YES;
				CLANG_ENABLE_OBJC_WEAK = YES;
				CLANG_WARN_BLOCK_CAPTURE_AUTORELEASING = YES;
				CLANG_WARN_BOOL_CONVERSION = YES;
				CLANG_WARN_COMMA = YES;
				CLANG_WARN_CONSTANT_CONVERSION = YES;
				CLANG_WARN_DEPRECATED_OBJC_IMPLEMENTATIONS = YES;
				CLANG_WARN_DIRECT_OBJC_ISA_USAGE = YES_ERROR;
				CLANG_WARN_DOCUMENTATION_COMMENTS = YES;
				CLANG_WARN_EMPTY_BODY = YES;
				CLANG_WARN_ENUM_CONVERSION = YES;
				CLANG_WARN_INFINITE_RECURSION = YES;
				CLANG_WARN_INT_CONVERSION = YES;
				CLANG_WARN_NON_LITERAL_NULL_CONVERSION = YES;
				CLANG_WARN_OBJC_IMPLICIT_RETAIN_SELF = YES;
				CLANG_WARN_OBJC_LITERAL_CONVERSION = YES;
				CLANG_WARN_OBJC_ROOT_CLASS = YES_ERROR;
				CLANG_WARN_RANGE_LOOP_ANALYSIS = YES;
				CLANG_WARN_STRICT_PROTOTYPES = YES;
				CLANG_WARN_SUSPICIOUS_MOVE = YES;
				CLANG_WARN_UNGUARDED_AVAILABILITY = YES_AGGRESSIVE;
				CLANG_WARN_UNREACHABLE_CODE = YES;
				CLANG_WARN__DUPLICATE_METHOD_MATCH = YES;
				COPY_PHASE_STRIP = NO;
				DEBUG_INFORMATION_FORMAT = dwarf;
				ENABLE_STRICT_OBJC_MSGSEND = YES;
				ENABLE_TESTABILITY = YES;
				GCC_C_LANGUAGE_STANDARD = gnu11;
				GCC_DYNAMIC_NO_PIC = NO;
				GCC_NO_COMMON_BLOCKS = YES;
				GCC_OPTIMIZATION_LEVEL = 0;
				GCC_PREPROCESSOR_DEFINITIONS = (
					"DEBUG=1",
					"$(inherited)",
				);
				GCC_WARN_64_TO_32_BIT_CONVERSION = YES;
				GCC_WARN_ABOUT_RETURN_TYPE = YES_ERROR;
				GCC_WARN_UNDECLARED_SELECTOR = YES;
				GCC_WARN_UNINITIALIZED_AUTOS = YES_AGGRESSIVE;
				GCC_WARN_UNUSED_FUNCTION = YES;
				GCC_WARN_UNUSED_VARIABLE = YES;
				IPHONEOS_DEPLOYMENT_TARGET = 13.5;
				MTL_ENABLE_DEBUG_INFO = INCLUDE_SOURCE;
				MTL_FAST_MATH = YES;
				ONLY_ACTIVE_ARCH = YES;
				SDKROOT = iphoneos;
				SWIFT_ACTIVE_COMPILATION_CONDITIONS = DEBUG;
				SWIFT_OPTIMIZATION_LEVEL = "-Onone";
			};
			name = Debug;
		};
		119D6CBD2487EA6100D0B139 /* Release */ = {
			isa = XCBuildConfiguration;
			buildSettings = {
				ALWAYS_SEARCH_USER_PATHS = NO;
				CLANG_ANALYZER_NONNULL = YES;
				CLANG_ANALYZER_NUMBER_OBJECT_CONVERSION = YES_AGGRESSIVE;
				CLANG_CXX_LANGUAGE_STANDARD = "gnu++14";
				CLANG_CXX_LIBRARY = "libc++";
				CLANG_ENABLE_MODULES = YES;
				CLANG_ENABLE_OBJC_ARC = YES;
				CLANG_ENABLE_OBJC_WEAK = YES;
				CLANG_WARN_BLOCK_CAPTURE_AUTORELEASING = YES;
				CLANG_WARN_BOOL_CONVERSION = YES;
				CLANG_WARN_COMMA = YES;
				CLANG_WARN_CONSTANT_CONVERSION = YES;
				CLANG_WARN_DEPRECATED_OBJC_IMPLEMENTATIONS = YES;
				CLANG_WARN_DIRECT_OBJC_ISA_USAGE = YES_ERROR;
				CLANG_WARN_DOCUMENTATION_COMMENTS = YES;
				CLANG_WARN_EMPTY_BODY = YES;
				CLANG_WARN_ENUM_CONVERSION = YES;
				CLANG_WARN_INFINITE_RECURSION = YES;
				CLANG_WARN_INT_CONVERSION = YES;
				CLANG_WARN_NON_LITERAL_NULL_CONVERSION = YES;
				CLANG_WARN_OBJC_IMPLICIT_RETAIN_SELF = YES;
				CLANG_WARN_OBJC_LITERAL_CONVERSION = YES;
				CLANG_WARN_OBJC_ROOT_CLASS = YES_ERROR;
				CLANG_WARN_RANGE_LOOP_ANALYSIS = YES;
				CLANG_WARN_STRICT_PROTOTYPES = YES;
				CLANG_WARN_SUSPICIOUS_MOVE = YES;
				CLANG_WARN_UNGUARDED_AVAILABILITY = YES_AGGRESSIVE;
				CLANG_WARN_UNREACHABLE_CODE = YES;
				CLANG_WARN__DUPLICATE_METHOD_MATCH = YES;
				COPY_PHASE_STRIP = NO;
				DEBUG_INFORMATION_FORMAT = "dwarf-with-dsym";
				ENABLE_NS_ASSERTIONS = NO;
				ENABLE_STRICT_OBJC_MSGSEND = YES;
				GCC_C_LANGUAGE_STANDARD = gnu11;
				GCC_NO_COMMON_BLOCKS = YES;
				GCC_WARN_64_TO_32_BIT_CONVERSION = YES;
				GCC_WARN_ABOUT_RETURN_TYPE = YES_ERROR;
				GCC_WARN_UNDECLARED_SELECTOR = YES;
				GCC_WARN_UNINITIALIZED_AUTOS = YES_AGGRESSIVE;
				GCC_WARN_UNUSED_FUNCTION = YES;
				GCC_WARN_UNUSED_VARIABLE = YES;
				IPHONEOS_DEPLOYMENT_TARGET = 13.5;
				MTL_ENABLE_DEBUG_INFO = NO;
				MTL_FAST_MATH = YES;
				SDKROOT = iphoneos;
				SWIFT_COMPILATION_MODE = wholemodule;
				SWIFT_OPTIMIZATION_LEVEL = "-O";
				VALIDATE_PRODUCT = YES;
			};
			name = Release;
		};
		119D6CBF2487EA6100D0B139 /* Debug */ = {
			isa = XCBuildConfiguration;
			buildSettings = {
				ASSETCATALOG_COMPILER_APPICON_NAME = AppIcon;
				CODE_SIGN_STYLE = Automatic;
				DEVELOPMENT_TEAM = M88NQK2Z77;
				INFOPLIST_FILE = ExerciseInSequence/Info.plist;
				LD_RUNPATH_SEARCH_PATHS = (
					"$(inherited)",
					"@executable_path/Frameworks",
				);
				PRODUCT_BUNDLE_IDENTIFIER = io.github.hulkcodeer.ExerciseInSequence;
				PRODUCT_NAME = "$(TARGET_NAME)";
				SWIFT_VERSION = 5.0;
				TARGETED_DEVICE_FAMILY = "1,2";
			};
			name = Debug;
		};
		119D6CC02487EA6100D0B139 /* Release */ = {
			isa = XCBuildConfiguration;
			buildSettings = {
				ASSETCATALOG_COMPILER_APPICON_NAME = AppIcon;
				CODE_SIGN_STYLE = Automatic;
				DEVELOPMENT_TEAM = M88NQK2Z77;
				INFOPLIST_FILE = ExerciseInSequence/Info.plist;
				LD_RUNPATH_SEARCH_PATHS = (
					"$(inherited)",
					"@executable_path/Frameworks",
				);
				PRODUCT_BUNDLE_IDENTIFIER = io.github.hulkcodeer.ExerciseInSequence;
				PRODUCT_NAME = "$(TARGET_NAME)";
				SWIFT_VERSION = 5.0;
				TARGETED_DEVICE_FAMILY = "1,2";
			};
			name = Release;
		};
/* End XCBuildConfiguration section */

/* Begin XCConfigurationList section */
		119D6CA52487EA5F00D0B139 /* Build configuration list for PBXProject "ExerciseInSequence" */ = {
			isa = XCConfigurationList;
			buildConfigurations = (
				119D6CBC2487EA6100D0B139 /* Debug */,
				119D6CBD2487EA6100D0B139 /* Release */,
			);
			defaultConfigurationIsVisible = 0;
			defaultConfigurationName = Release;
		};
		119D6CBE2487EA6100D0B139 /* Build configuration list for PBXNativeTarget "ExerciseInSequence" */ = {
			isa = XCConfigurationList;
			buildConfigurations = (
				119D6CBF2487EA6100D0B139 /* Debug */,
				119D6CC02487EA6100D0B139 /* Release */,
			);
			defaultConfigurationIsVisible = 0;
			defaultConfigurationName = Release;
		};
/* End XCConfigurationList section */
	};
	rootObject = 119D6CA22487EA5F00D0B139 /* Project object */;
}
